{
  "version": "5",
  "specifiers": {
    "npm:@supabase/supabase-js@2": "2.57.4",
    "npm:@types/node@*": "24.2.0",
    "npm:expr-eval@*": "2.0.2",
    "npm:openai@^4.52.5": "4.104.0"
  },
  "npm": {
    "@supabase/auth-js@2.71.1": {
      "integrity": "sha512-mMIQHBRc+SKpZFRB2qtupuzulaUhFYupNyxqDj5Jp/LyPvcWvjaJzZzObv6URtL/O6lPxkanASnotGtNpS3H2Q==",
      "dependencies": [
        "@supabase/node-fetch"
      ]
    },
    "@supabase/functions-js@2.4.6": {
      "integrity": "sha512-bhjZ7rmxAibjgmzTmQBxJU6ZIBCCJTc3Uwgvdi4FewueUTAGO5hxZT1Sj6tiD+0dSXf9XI87BDdJrg12z8Uaew==",
      "dependencies": [
        "@supabase/node-fetch"
      ]
    },
    "@supabase/node-fetch@2.6.15": {
      "integrity": "sha512-1ibVeYUacxWYi9i0cf5efil6adJ9WRyZBLivgjs+AUpewx1F3xPi7gLgaASI2SmIQxPoCEjAsLAzKPgMJVgOUQ==",
      "dependencies": [
        "whatwg-url"
      ]
    },
    "@supabase/postgrest-js@1.21.4": {
      "integrity": "sha512-TxZCIjxk6/dP9abAi89VQbWWMBbybpGWyvmIzTd79OeravM13OjR/YEYeyUOPcM1C3QyvXkvPZhUfItvmhY1IQ==",
      "dependencies": [
        "@supabase/node-fetch"
      ]
    },
    "@supabase/realtime-js@2.15.5": {
      "integrity": "sha512-/Rs5Vqu9jejRD8ZeuaWXebdkH+J7V6VySbCZ/zQM93Ta5y3mAmocjioa/nzlB6qvFmyylUgKVS1KpE212t30OA==",
      "dependencies": [
        "@supabase/node-fetch",
        "@types/phoenix",
        "@types/ws",
        "ws"
      ]
    },
    "@supabase/storage-js@2.12.1": {
      "integrity": "sha512-QWg3HV6Db2J81VQx0PqLq0JDBn4Q8B1FYn1kYcbla8+d5WDmTdwwMr+EJAxNOSs9W4mhKMv+EYCpCrTFlTj4VQ==",
      "dependencies": [
        "@supabase/node-fetch"
      ]
    },
    "@supabase/supabase-js@2.57.4": {
      "integrity": "sha512-LcbTzFhHYdwfQ7TRPfol0z04rLEyHabpGYANME6wkQ/kLtKNmI+Vy+WEM8HxeOZAtByUFxoUTTLwhXmrh+CcVw==",
      "dependencies": [
        "@supabase/auth-js",
        "@supabase/functions-js",
        "@supabase/node-fetch",
        "@supabase/postgrest-js",
        "@supabase/realtime-js",
        "@supabase/storage-js"
      ]
    },
    "@types/node-fetch@2.6.13": {
      "integrity": "sha512-QGpRVpzSaUs30JBSGPjOg4Uveu384erbHBoT1zeONvyCfwQxIkUshLAOqN/k9EjGviPRmWTTe6aH2qySWKTVSw==",
      "dependencies": [
        "@types/node@24.2.0",
        "form-data"
      ]
    },
    "@types/node@18.19.127": {
      "integrity": "sha512-gSjxjrnKXML/yo0BO099uPixMqfpJU0TKYjpfLU7TrtA2WWDki412Np/RSTPRil1saKBhvVVKzVx/p/6p94nVA==",
      "dependencies": [
        "undici-types@5.26.5"
      ]
    },
    "@types/node@24.2.0": {
      "integrity": "sha512-3xyG3pMCq3oYCNg7/ZP+E1ooTaGB4cG8JWRsqqOYQdbWNY4zbaV0Ennrd7stjiJEFZCaybcIgpTjJWHRfBSIDw==",
      "dependencies": [
        "undici-types@7.10.0"
      ]
    },
    "@types/phoenix@1.6.6": {
      "integrity": "sha512-PIzZZlEppgrpoT2QgbnDU+MMzuR6BbCjllj0bM70lWoejMeNJAxCchxnv7J3XFkI8MpygtRpzXrIlmWUBclP5A=="
    },
    "@types/ws@8.18.1": {
      "integrity": "sha512-ThVF6DCVhA8kUGy+aazFQ4kXQ7E1Ty7A3ypFOe0IcJV8O/M511G99AW24irKrW56Wt44yG9+ij8FaqoBGkuBXg==",
      "dependencies": [
        "@types/node@24.2.0"
      ]
    },
    "abort-controller@3.0.0": {
      "integrity": "sha512-h8lQ8tacZYnR3vNQTgibj+tODHI5/+l06Au2Pcriv/Gmet0eaj4TwWH41sO9wnHDiQsEj19q0drzdWdeAHtweg==",
      "dependencies": [
        "event-target-shim"
      ]
    },
    "agentkeepalive@4.6.0": {
      "integrity": "sha512-kja8j7PjmncONqaTsB8fQ+wE2mSU2DJ9D4XKoJ5PFWIdRMa6SLSN1ff4mOr4jCbfRSsxR4keIiySJU0N9T5hIQ==",
      "dependencies": [
        "humanize-ms"
      ]
    },
    "asynckit@0.4.0": {
      "integrity": "sha512-Oei9OH4tRh0YqU3GxhX79dM/mwVgvbZJaSNaRk+bshkj0S5cfHcgYakreBjrHwatXKbz+IoIdYLxrKim2MjW0Q=="
    },
    "call-bind-apply-helpers@1.0.2": {
      "integrity": "sha512-Sp1ablJ0ivDkSzjcaJdxEunN5/XvksFJ2sMBFfq6x0ryhQV/2b/KwFe21cMpmHtPOSij8K99/wSfoEuTObmuMQ==",
      "dependencies": [
        "es-errors",
        "function-bind"
      ]
    },
    "combined-stream@1.0.8": {
      "integrity": "sha512-FQN4MRfuJeHf7cBbBMJFXhKSDq+2kAArBlmRBvcvFE5BB1HZKXtSFASDhdlz9zOYwxh8lDdnvmMOe/+5cdoEdg==",
      "dependencies": [
        "delayed-stream"
      ]
    },
    "delayed-stream@1.0.0": {
      "integrity": "sha512-ZySD7Nf91aLB0RxL4KGrKHBXl7Eds1DAmEdcoVawXnLD7SDhpNgtuII2aAkg7a7QS41jxPSZ17p4VdGnMHk3MQ=="
    },
    "dunder-proto@1.0.1": {
      "integrity": "sha512-KIN/nDJBQRcXw0MLVhZE9iQHmG68qAVIBg9CqmUYjmQIhgij9U5MFvrqkUL5FbtyyzZuOeOt0zdeRe4UY7ct+A==",
      "dependencies": [
        "call-bind-apply-helpers",
        "es-errors",
        "gopd"
      ]
    },
    "es-define-property@1.0.1": {
      "integrity": "sha512-e3nRfgfUZ4rNGL232gUgX06QNyyez04KdjFrF+LTRoOXmrOgFKDg4BCdsjW8EnT69eqdYGmRpJwiPVYNrCaW3g=="
    },
    "es-errors@1.3.0": {
      "integrity": "sha512-Zf5H2Kxt2xjTvbJvP2ZWLEICxA6j+hAmMzIlypy4xcBg1vKVnx89Wy0GbS+kf5cwCVFFzdCFh2XSCFNULS6csw=="
    },
    "es-object-atoms@1.1.1": {
      "integrity": "sha512-FGgH2h8zKNim9ljj7dankFPcICIK9Cp5bm+c2gQSYePhpaG5+esrLODihIorn+Pe6FGJzWhXQotPv73jTaldXA==",
      "dependencies": [
        "es-errors"
      ]
    },
    "es-set-tostringtag@2.1.0": {
      "integrity": "sha512-j6vWzfrGVfyXxge+O0x5sh6cvxAog0a/4Rdd2K36zCMV5eJ+/+tOAngRO8cODMNWbVRdVlmGZQL2YS3yR8bIUA==",
      "dependencies": [
        "es-errors",
        "get-intrinsic",
        "has-tostringtag",
        "hasown"
      ]
    },
    "event-target-shim@5.0.1": {
      "integrity": "sha512-i/2XbnSz/uxRCU6+NdVJgKWDTM427+MqYbkQzD321DuCQJUqOuJKIA0IM2+W2xtYHdKOmZ4dR6fExsd4SXL+WQ=="
    },
    "expr-eval@2.0.2": {
      "integrity": "sha512-4EMSHGOPSwAfBiibw3ndnP0AvjDWLsMvGOvWEZ2F96IGk0bIVdjQisOHxReSkE13mHcfbuCiXw+G4y0zv6N8Eg=="
    },
    "form-data-encoder@1.7.2": {
      "integrity": "sha512-qfqtYan3rxrnCk1VYaA4H+Ms9xdpPqvLZa6xmMgFvhO32x7/3J/ExcTd6qpxM0vH2GdMI+poehyBZvqfMTto8A=="
    },
    "form-data@4.0.4": {
      "integrity": "sha512-KrGhL9Q4zjj0kiUt5OO4Mr/A/jlI2jDYs5eHBpYHPcBEVSiipAvn2Ko2HnPe20rmcuuvMHNdZFp+4IlGTMF0Ow==",
      "dependencies": [
        "asynckit",
        "combined-stream",
        "es-set-tostringtag",
        "hasown",
        "mime-types"
      ]
    },
    "formdata-node@4.4.1": {
      "integrity": "sha512-0iirZp3uVDjVGt9p49aTaqjk84TrglENEDuqfdlZQ1roC9CWlPk6Avf8EEnZNcAqPonwkG35x4n3ww/1THYAeQ==",
      "dependencies": [
        "node-domexception",
        "web-streams-polyfill"
      ]
    },
    "function-bind@1.1.2": {
      "integrity": "sha512-7XHNxH7qX9xG5mIwxkhumTox/MIRNcOgDrxWsMt2pAr23WHp6MrRlN7FBSFpCpr+oVO0F744iUgR82nJMfG2SA=="
    },
    "get-intrinsic@1.3.0": {
      "integrity": "sha512-9fSjSaos/fRIVIp+xSJlE6lfwhES7LNtKaCBIamHsjr2na1BiABJPo0mOjjz8GJDURarmCPGqaiVg5mfjb98CQ==",
      "dependencies": [
        "call-bind-apply-helpers",
        "es-define-property",
        "es-errors",
        "es-object-atoms",
        "function-bind",
        "get-proto",
        "gopd",
        "has-symbols",
        "hasown",
        "math-intrinsics"
      ]
    },
    "get-proto@1.0.1": {
      "integrity": "sha512-sTSfBjoXBp89JvIKIefqw7U2CCebsc74kiY6awiGogKtoSGbgjYE/G/+l9sF3MWFPNc9IcoOC4ODfKHfxFmp0g==",
      "dependencies": [
        "dunder-proto",
        "es-object-atoms"
      ]
    },
    "gopd@1.2.0": {
      "integrity": "sha512-ZUKRh6/kUFoAiTAtTYPZJ3hw9wNxx+BIBOijnlG9PnrJsCcSjs1wyyD6vJpaYtgnzDrKYRSqf3OO6Rfa93xsRg=="
    },
    "has-symbols@1.1.0": {
      "integrity": "sha512-1cDNdwJ2Jaohmb3sg4OmKaMBwuC48sYni5HUw2DvsC8LjGTLK9h+eb1X6RyuOHe4hT0ULCW68iomhjUoKUqlPQ=="
    },
    "has-tostringtag@1.0.2": {
      "integrity": "sha512-NqADB8VjPFLM2V0VvHUewwwsw0ZWBaIdgo+ieHtK3hasLz4qeCRjYcqfB6AQrBggRKppKF8L52/VqdVsO47Dlw==",
      "dependencies": [
        "has-symbols"
      ]
    },
    "hasown@2.0.2": {
      "integrity": "sha512-0hJU9SCPvmMzIBdZFqNPXWa6dqh7WdH0cII9y+CyS8rG3nL48Bclra9HmKhVVUHyPWNH5Y7xDwAB7bfgSjkUMQ==",
      "dependencies": [
        "function-bind"
      ]
    },
    "humanize-ms@1.2.1": {
      "integrity": "sha512-Fl70vYtsAFb/C06PTS9dZBo7ihau+Tu/DNCk/OyHhea07S+aeMWpFFkUaXRa8fI+ScZbEI8dfSxwY7gxZ9SAVQ==",
      "dependencies": [
        "ms"
      ]
    },
    "math-intrinsics@1.1.0": {
      "integrity": "sha512-/IXtbwEk5HTPyEwyKX6hGkYXxM9nbj64B+ilVJnC/R6B0pH5G4V3b0pVbL7DBj4tkhBAppbQUlf6F6Xl9LHu1g=="
    },
    "mime-db@1.52.0": {
      "integrity": "sha512-sPU4uV7dYlvtWJxwwxHD0PuihVNiE7TyAbQ5SWxDCB9mUYvOgroQOwYQQOKPJ8CIbE+1ETVlOoK1UC2nU3gYvg=="
    },
    "mime-types@2.1.35": {
      "integrity": "sha512-ZDY+bPm5zTTF+YpCrAU9nK0UgICYPT0QtT1NZWFv4s++TNkcgVaT0g6+4R2uI4MjQjzysHB1zxuWL50hzaeXiw==",
      "dependencies": [
        "mime-db"
      ]
    },
    "ms@2.1.3": {
      "integrity": "sha512-6FlzubTLZG3J2a/NVCAleEhjzq5oxgHyaCU9yYXvcLsvoVaHJq/s5xXI6/XXP6tz7R9xAOtHnSO/tXtF3WRTlA=="
    },
    "node-domexception@1.0.0": {
      "integrity": "sha512-/jKZoMpw0F8GRwl4/eLROPA3cfcXtLApP0QzLmUT/HuPCZWyB7IY9ZrMeKw2O/nFIqPQB3PVM9aYm0F312AXDQ==",
      "deprecated": true
    },
    "node-fetch@2.7.0": {
      "integrity": "sha512-c4FRfUm/dbcWZ7U+1Wq0AwCyFL+3nt2bEw05wfxSz+DWpWsitgmSgYmy2dQdWyKC1694ELPqMs/YzUSNozLt8A==",
      "dependencies": [
        "whatwg-url"
      ]
    },
    "openai@4.104.0": {
      "integrity": "sha512-p99EFNsA/yX6UhVO93f5kJsDRLAg+CTA2RBqdHK4RtK8u5IJw32Hyb2dTGKbnnFmnuoBv5r7Z2CURI9sGZpSuA==",
      "dependencies": [
        "@types/node@18.19.127",
        "@types/node-fetch",
        "abort-controller",
        "agentkeepalive",
        "form-data-encoder",
        "formdata-node",
        "node-fetch"
      ],
      "bin": true
    },
    "tr46@0.0.3": {
      "integrity": "sha512-N3WMsuqV66lT30CrXNbEjx4GEwlow3v6rr4mCcv6prnfwhS01rkgyFdjPNBYd9br7LpXV1+Emh01fHnq2Gdgrw=="
    },
    "undici-types@5.26.5": {
      "integrity": "sha512-JlCMO+ehdEIKqlFxk6IfVoAUVmgz7cU7zD/h9XZ0qzeosSHmUJVOzSQvvYSYWXkFXC+IfLKSIffhv0sVZup6pA=="
    },
    "undici-types@7.10.0": {
      "integrity": "sha512-t5Fy/nfn+14LuOc2KNYg75vZqClpAiqscVvMygNnlsHBFpSXdJaYtXMcdNLpl/Qvc3P2cB3s6lOV51nqsFq4ag=="
    },
    "web-streams-polyfill@4.0.0-beta.3": {
      "integrity": "sha512-QW95TCTaHmsYfHDybGMwO5IJIM93I/6vTRk+daHTWFPhwh+C8Cg7j7XyKrwrj8Ib6vYXe0ocYNrmzY4xAAN6ug=="
    },
    "webidl-conversions@3.0.1": {
      "integrity": "sha512-2JAn3z8AR6rjK8Sm8orRC0h/bcl/DqL7tRPdGZ4I1CjdF+EaMLmYxBHyXuKL849eucPFhvBoxMsflfOb8kxaeQ=="
    },
    "whatwg-url@5.0.0": {
      "integrity": "sha512-saE57nupxk6v3HY35+jzBwYa0rKSy0XR8JSxZPwgLr7ys0IBzhGviA1/TUGJLmSVqs8pb9AnvICXEuOHLprYTw==",
      "dependencies": [
        "tr46",
        "webidl-conversions"
      ]
    },
    "ws@8.18.3": {
      "integrity": "sha512-PEIGCY5tSlUt50cqyMXfCzX+oOPqN0vuGqWzbcJ2xvnkzkq46oOpz7dQaTDBdfICb4N14+GARUDw2XV2N4tvzg=="
    }
  },
  "redirects": {
    "https://esm.sh/@react-pdf/font@^2.4.4?target=denonext": "https://esm.sh/@react-pdf/font@2.5.2?target=denonext",
    "https://esm.sh/@react-pdf/image@^2.3.6?target=denonext": "https://esm.sh/@react-pdf/image@2.3.6?target=denonext",
    "https://esm.sh/@react-pdf/layout@^3.11.1?target=denonext": "https://esm.sh/@react-pdf/layout@3.13.0?target=denonext",
    "https://esm.sh/@react-pdf/pdfkit@^3.1.5?target=denonext": "https://esm.sh/@react-pdf/pdfkit@3.2.0?target=denonext",
    "https://esm.sh/@react-pdf/pdfkit@^3.2.0?target=denonext": "https://esm.sh/@react-pdf/pdfkit@3.2.0?target=denonext",
    "https://esm.sh/@react-pdf/png-js@^2.3.1?target=denonext": "https://esm.sh/@react-pdf/png-js@2.3.1?target=denonext",
    "https://esm.sh/@react-pdf/primitives@^3.1.1?target=denonext": "https://esm.sh/@react-pdf/primitives@3.1.1?target=denonext",
    "https://esm.sh/@react-pdf/render@^3.4.3?target=denonext": "https://esm.sh/@react-pdf/render@3.5.0?target=denonext",
    "https://esm.sh/@react-pdf/stylesheet@^4.3.0?target=denonext": "https://esm.sh/@react-pdf/stylesheet@4.3.0?target=denonext",
    "https://esm.sh/@react-pdf/textkit@^4.4.1?target=denonext": "https://esm.sh/@react-pdf/textkit@4.4.1?target=denonext",
    "https://esm.sh/@types/abs-svg-path@~0.1.3/index.d.ts": "https://esm.sh/@types/abs-svg-path@0.1.3/index.d.ts",
    "https://esm.sh/@types/brotli@~1.3.4/decompress.d.ts": "https://esm.sh/@types/brotli@1.3.4/decompress.d.ts",
    "https://esm.sh/@types/clone@~2.1.4/index.d.ts": "https://esm.sh/@types/clone@2.1.4/index.d.ts",
    "https://esm.sh/@types/color-name@~1.1.5/index.d.ts": "https://esm.sh/@types/color-name@1.1.5/index.d.ts",
    "https://esm.sh/@types/color-string@~1.5.5/index.d.ts": "https://esm.sh/@types/color-string@1.5.5/index.d.ts",
    "https://esm.sh/@types/crypto-js@~4.2.2/core.d.ts": "https://esm.sh/@types/crypto-js@4.2.2/core.d.ts",
    "https://esm.sh/@types/crypto-js@~4.2.2/md5.d.ts": "https://esm.sh/@types/crypto-js@4.2.2/md5.d.ts",
    "https://esm.sh/@types/fontkit@~2.0.7/index.d.ts": "https://esm.sh/@types/fontkit@2.0.8/index.d.ts",
    "https://esm.sh/@types/hsl-to-hex@~1.0.2/index.d.ts": "https://esm.sh/@types/hsl-to-hex@1.0.2/index.d.ts",
    "https://esm.sh/@types/hsl-to-rgb-for-reals@~1.1.3/index.d.ts": "https://esm.sh/@types/hsl-to-rgb-for-reals@1.1.3/index.d.ts",
    "https://esm.sh/@types/hyphen@~1.6.7/index.d.ts": "https://esm.sh/@types/hyphen@1.6.7/index.d.ts",
    "https://esm.sh/@types/hyphen@~1.6.7/patterns/en-us.d.ts": "https://esm.sh/@types/hyphen@1.6.7/patterns/en-us.d.ts",
    "https://esm.sh/@types/is-url@~1.2.32/index.d.ts": "https://esm.sh/@types/is-url@1.2.32/index.d.ts",
    "https://esm.sh/@types/react@~18.2.79/index.d.ts": "https://esm.sh/@types/react@18.2.79/index.d.ts",
    "https://esm.sh/@types/react@~18.3.18/index.d.ts": "https://esm.sh/@types/react@18.3.24/index.d.ts",
    "https://esm.sh/@types/react@~18.3.24/index.d.ts": "https://esm.sh/@types/react@18.3.24/index.d.ts",
    "https://esm.sh/@types/scheduler@~0.23.0/index.d.ts": "https://esm.sh/@types/scheduler@0.23.0/index.d.ts",
    "https://esm.sh/@types/simple-swizzle@~0.2.2/index.d.ts": "https://esm.sh/@types/simple-swizzle@0.2.2/index.d.ts",
    "https://esm.sh/@types/svg-arc-to-cubic-bezier@~3.2.3/index.d.ts": "https://esm.sh/@types/svg-arc-to-cubic-bezier@3.2.3/index.d.ts",
    "https://esm.sh/@types/unicode-properties@~1.3.2/index.d.ts": "https://esm.sh/@types/unicode-properties@1.3.2/index.d.ts",
    "https://esm.sh/@types/unicode-trie@~2.0.3/index.d.ts": "https://esm.sh/@types/unicode-trie@2.0.3/index.d.ts",
    "https://esm.sh/abs-svg-path@^0.1.1?target=denonext": "https://esm.sh/abs-svg-path@0.1.1?target=denonext",
    "https://esm.sh/base64-js@^1.3.0?target=denonext": "https://esm.sh/base64-js@1.5.1?target=denonext",
    "https://esm.sh/bidi-js@^1.0.2?target=denonext": "https://esm.sh/bidi-js@1.0.3?target=denonext",
    "https://esm.sh/brotli@^1.3.2/decompress?target=denonext": "https://esm.sh/brotli@1.3.3/decompress?target=denonext",
    "https://esm.sh/clone@^2.1.2?target=denonext": "https://esm.sh/clone@2.1.2?target=denonext",
    "https://esm.sh/color-name@^1.0.0?target=denonext": "https://esm.sh/color-name@1.1.4?target=denonext",
    "https://esm.sh/color-string@^1.9.1?target=denonext": "https://esm.sh/color-string@1.9.1?target=denonext",
    "https://esm.sh/crypto-js@^4.2.0/core?target=denonext": "https://esm.sh/crypto-js@4.2.0/core?target=denonext",
    "https://esm.sh/crypto-js@^4.2.0/md5?target=denonext": "https://esm.sh/crypto-js@4.2.0/md5?target=denonext",
    "https://esm.sh/dfa@^1.2.0?target=denonext": "https://esm.sh/dfa@1.2.0?target=denonext",
    "https://esm.sh/emoji-regex@^10.3.0?target=denonext": "https://esm.sh/emoji-regex@10.5.0?target=denonext",
    "https://esm.sh/fast-deep-equal@^3.1.3?target=denonext": "https://esm.sh/fast-deep-equal@3.1.3?target=denonext",
    "https://esm.sh/fontkit@^2.0.2?target=denonext": "https://esm.sh/fontkit@2.0.4?target=denonext",
    "https://esm.sh/hsl-to-hex@^1.0.0?target=denonext": "https://esm.sh/hsl-to-hex@1.0.0?target=denonext",
    "https://esm.sh/hsl-to-rgb-for-reals@^1.1.0?target=denonext": "https://esm.sh/hsl-to-rgb-for-reals@1.1.1?target=denonext",
    "https://esm.sh/hyphen@^1.6.4/patterns/en-us?target=denonext": "https://esm.sh/hyphen@1.10.6/patterns/en-us?target=denonext",
    "https://esm.sh/hyphen@^1.6.4?target=denonext": "https://esm.sh/hyphen@1.10.6?target=denonext",
    "https://esm.sh/is-arrayish@^0.3.1?target=denonext": "https://esm.sh/is-arrayish@0.3.4?target=denonext",
    "https://esm.sh/is-url@^1.2.4?target=denonext": "https://esm.sh/is-url@1.2.4?target=denonext",
    "https://esm.sh/jay-peg@^1.0.2?target=denonext": "https://esm.sh/jay-peg@1.1.1?target=denonext",
    "https://esm.sh/media-engine@^1.0.3?target=denonext": "https://esm.sh/media-engine@1.0.3?target=denonext",
    "https://esm.sh/normalize-svg-path@^1.1.0?target=denonext": "https://esm.sh/normalize-svg-path@1.1.0?target=denonext",
    "https://esm.sh/parse-svg-path@^0.1.2?target=denonext": "https://esm.sh/parse-svg-path@0.1.2?target=denonext",
    "https://esm.sh/postcss-value-parser@^4.1.0/lib/parse?target=denonext": "https://esm.sh/postcss-value-parser@4.2.0/lib/parse?target=denonext",
    "https://esm.sh/postcss-value-parser@^4.1.0/lib/unit?target=denonext": "https://esm.sh/postcss-value-parser@4.2.0/lib/unit?target=denonext",
    "https://esm.sh/react@^18.3.1?target=denonext": "https://esm.sh/react@18.3.1?target=denonext",
    "https://esm.sh/restructure@^3.0.0?target=denonext": "https://esm.sh/restructure@3.0.2?target=denonext",
    "https://esm.sh/scheduler@^0.17.0?target=denonext": "https://esm.sh/scheduler@0.17.0?target=denonext",
    "https://esm.sh/simple-swizzle@^0.2.2?target=denonext": "https://esm.sh/simple-swizzle@0.2.4?target=denonext",
    "https://esm.sh/svg-arc-to-cubic-bezier@^3.0.0?target=denonext": "https://esm.sh/svg-arc-to-cubic-bezier@3.2.0?target=denonext",
    "https://esm.sh/tiny-inflate@^1.0.0?target=denonext": "https://esm.sh/tiny-inflate@1.0.3?target=denonext",
    "https://esm.sh/tiny-inflate@^1.0.3?target=denonext": "https://esm.sh/tiny-inflate@1.0.3?target=denonext",
    "https://esm.sh/unicode-properties@^1.4.0?target=denonext": "https://esm.sh/unicode-properties@1.4.1?target=denonext",
    "https://esm.sh/unicode-properties@^1.4.1?target=denonext": "https://esm.sh/unicode-properties@1.4.1?target=denonext",
    "https://esm.sh/unicode-trie@^2.0.0?target=denonext": "https://esm.sh/unicode-trie@2.0.0?target=denonext",
    "https://esm.sh/yoga-layout@^2.0.1?target=denonext": "https://esm.sh/yoga-layout@2.0.1?target=denonext"
  },
  "remote": {
    "https://deno.land/std@0.168.0/async/abortable.ts": "80b2ac399f142cc528f95a037a7d0e653296352d95c681e284533765961de409",
    "https://deno.land/std@0.168.0/async/deadline.ts": "2c2deb53c7c28ca1dda7a3ad81e70508b1ebc25db52559de6b8636c9278fd41f",
    "https://deno.land/std@0.168.0/async/debounce.ts": "60301ffb37e730cd2d6f9dadfd0ecb2a38857681bd7aaf6b0a106b06e5210a98",
    "https://deno.land/std@0.168.0/async/deferred.ts": "77d3f84255c3627f1cc88699d8472b664d7635990d5358c4351623e098e917d6",
    "https://deno.land/std@0.168.0/async/delay.ts": "5a9bfba8de38840308a7a33786a0155a7f6c1f7a859558ddcec5fe06e16daf57",
    "https://deno.land/std@0.168.0/async/mod.ts": "7809ad4bb223e40f5fdc043e5c7ca04e0e25eed35c32c3c32e28697c553fa6d9",
    "https://deno.land/std@0.168.0/async/mux_async_iterator.ts": "770a0ff26c59f8bbbda6b703a2235f04e379f73238e8d66a087edc68c2a2c35f",
    "https://deno.land/std@0.168.0/async/pool.ts": "6854d8cd675a74c73391c82005cbbe4cc58183bddcd1fbbd7c2bcda42b61cf69",
    "https://deno.land/std@0.168.0/async/retry.ts": "e8e5173623915bbc0ddc537698fa418cf875456c347eda1ed453528645b42e67",
    "https://deno.land/std@0.168.0/async/tee.ts": "3a47cc4e9a940904fd4341f0224907e199121c80b831faa5ec2b054c6d2eff5e",
    "https://deno.land/std@0.168.0/http/server.ts": "e99c1bee8a3f6571ee4cdeb2966efad465b8f6fe62bec1bdb59c1f007cc4d155",
    "https://esm.sh/@react-pdf/fns@2.2.1/denonext/fns.mjs": "1544a7fb94fc1a5de0a00d02134fa9be1d5798cee0eb80233b7f095e0e51b4f5",
    "https://esm.sh/@react-pdf/font@2.5.2/denonext/font.mjs": "07cc9e86a6a937fab91ff50ad80e0020eeba9ba120d944013a4a96d302648b0e",
    "https://esm.sh/@react-pdf/font@2.5.2?target=denonext": "61de762d77452512e15559b350b2cee63178cf8317dfe7e6b0ab36690a3036f0",
    "https://esm.sh/@react-pdf/image@2.3.6/denonext/image.mjs": "412527c195fb567214ca608fc4adefc8875da9d4db22befef6ba90a49c2c9616",
    "https://esm.sh/@react-pdf/image@2.3.6?target=denonext": "5b76802a1d0d756c34aa043af7bfeccd0f5242dfb7dcebe8c922061570ef2ec5",
    "https://esm.sh/@react-pdf/layout@3.13.0/denonext/layout.mjs": "ef3fa2f92edb47ba5820b4f13e1949d95615a617cba1a8c40497834f17ab9b96",
    "https://esm.sh/@react-pdf/layout@3.13.0?target=denonext": "eca5cf36aaa68050e74827dbfbf6aba596c6392fa0f9b89c17d9888936ed4774",
    "https://esm.sh/@react-pdf/pdfkit@3.2.0/denonext/pdfkit.mjs": "aa92b718921a2b371a01195029f8d49c486323236c4664d0ff73a4ed5fa76293",
    "https://esm.sh/@react-pdf/pdfkit@3.2.0?target=denonext": "627ddd4aea3eea455ef458b141f3bb21ddd4d2c73956eba2414ba12933fa0ce4",
    "https://esm.sh/@react-pdf/png-js@2.3.1/denonext/png-js.mjs": "009655ef28afd96b923a9ac6f9b133179a593db7d360c462cd77a03207210ea9",
    "https://esm.sh/@react-pdf/png-js@2.3.1?target=denonext": "efc9c286ad6d0a17a371b7d7a84e1924c7ce644ee36994703583ec985cb56800",
    "https://esm.sh/@react-pdf/primitives@3.1.1/denonext/primitives.mjs": "a8e5dc365086441b9db2b513008cd7988370ac0be4a6442e1fc32448b72785a9",
    "https://esm.sh/@react-pdf/primitives@3.1.1?target=denonext": "cd53263a0d57f146953e549ec47091edf3bc4fcf05b093a72162c96805598c3d",
    "https://esm.sh/@react-pdf/render@3.5.0/denonext/render.mjs": "190a0bc2c065aa2f47656a89af9d4450d77b23ca4c4da88e1719989bc6c70717",
    "https://esm.sh/@react-pdf/render@3.5.0?target=denonext": "2e0bcefcd9ab36fc8dbe03f296b906642b87a87c847f50e991d7c8931aae6de8",
    "https://esm.sh/@react-pdf/renderer@3.3.7": "6c1f41dc81e31bf89bba2ed95f8cb566f09a6dc3d3d16de112cccc333cd932b4",
    "https://esm.sh/@react-pdf/renderer@3.3.7/denonext/renderer.mjs": "278819fd6303962bc35cf5f6ddc208ca990d7fa622cd18aecff9bdd52a6765df",
    "https://esm.sh/@react-pdf/stylesheet@4.3.0/denonext/stylesheet.mjs": "84cc75ab79dd8d5bc81439f9a171397d8c75878967f5c3614137a3123e85f2b2",
    "https://esm.sh/@react-pdf/stylesheet@4.3.0?target=denonext": "cbe6b4e189c7505c4f8aa7c341ebf44ba48c3e8afeeccfa93586be373636a6f1",
    "https://esm.sh/@react-pdf/textkit@4.4.1/denonext/textkit.mjs": "bd5e5cf3e7ed5a260d8962b4da3c091b0ebb5b7b1c7075cd12519ce977b7c0da",
    "https://esm.sh/@react-pdf/textkit@4.4.1?target=denonext": "473e58afe462d1cec94055d546e4960785219d38bb3d25c48f934e583163c973",
    "https://esm.sh/abs-svg-path@0.1.1/denonext/abs-svg-path.mjs": "7835eb46b2646cde358f31cd8a9708e304ce71f969f3af3542e27c61ec09f1be",
    "https://esm.sh/abs-svg-path@0.1.1?target=denonext": "2ee5aabd84be712f8125f2979fa1ae8b8b98af276381b74ec755df21f3249858",
    "https://esm.sh/base64-js@1.5.1/denonext/base64-js.mjs": "5dbae8a1d8f5789da21736786f9921727523b5ccc64cbcf9f831331c381957dc",
    "https://esm.sh/base64-js@1.5.1?target=denonext": "7c2f775b41bd5df47fedaa143e6619625c9d81f34302d6aa030e20d9a7240633",
    "https://esm.sh/bidi-js@1.0.3/denonext/bidi-js.mjs": "3fda4a733e90a84ed3b906e5bc17ffe9294caaef88b9c865cce306b686538d00",
    "https://esm.sh/bidi-js@1.0.3?target=denonext": "56e53ed2991946ff44db7ba928654003d8ae3a7a5811eabc8c1ba4c4699aec29",
    "https://esm.sh/brotli@1.3.3/decompress?target=denonext": "f71744faff6922ef7d2fc999511fa2fc014aef696b11bf1d57e0e6bcec81f272",
    "https://esm.sh/brotli@1.3.3/denonext/decompress.mjs": "cd94768fd4dc50c781ce60938ca82138a68f6270abff122a3c22abcdfdb19497",
    "https://esm.sh/clone@2.1.2/denonext/clone.mjs": "a421b5e35b67322125236d3621375466a7e03d466ee2e88e115625df4f1fffe4",
    "https://esm.sh/clone@2.1.2?target=denonext": "ee4c639fd0b8eb83630e51965adf7aec7565ec8dd09928897a51f5b8eb166b5b",
    "https://esm.sh/color-name@1.1.4/denonext/color-name.mjs": "3b5b10fc0cd9f96d56c81cc7559a2106ff64a401a8100cd33e1f4b68e677c562",
    "https://esm.sh/color-name@1.1.4?target=denonext": "55709266f414e5115ac52d6831ba4951f7c8b9ac663f0f79ddc8ed782b4fb735",
    "https://esm.sh/color-string@1.9.1/denonext/color-string.mjs": "46edab8cecd0440cff0a82ae330d9314ab6da3b6c67680018b9f916e3aa43749",
    "https://esm.sh/color-string@1.9.1?target=denonext": "f5b65597951151faf1076eac91abf7703687b71236368777b1765e26241837d7",
    "https://esm.sh/crypto-js@4.2.0/core?target=denonext": "e0eeb077c48ee4b5042725b2fd20c3edd4b9d849c40cf142b1d311d584275988",
    "https://esm.sh/crypto-js@4.2.0/denonext/core.mjs": "96a996392073915a848500edfec8c87df95bc906a9124b5e4c7b5ad5cba65cbb",
    "https://esm.sh/crypto-js@4.2.0/denonext/md5.mjs": "06e268b6077c477896da74256a4d726f89a3171f26088f3549515a3c6bc477bf",
    "https://esm.sh/crypto-js@4.2.0/md5?target=denonext": "eaeeb220e1e215e99bc1764ed02ea0ff30711a7dff1d7d48331449f8be6ddb37",
    "https://esm.sh/dfa@1.2.0/denonext/dfa.mjs": "5e06ff92a03616a4cf5ccd9936b38fb0bdb710cae3bc4595ef479da968668767",
    "https://esm.sh/dfa@1.2.0?target=denonext": "39c7572294f148caf2becaa3aa099664f77285fcf6e601283212eb970fcf0ae8",
    "https://esm.sh/emoji-regex@10.5.0/denonext/emoji-regex.mjs": "12f243696a48c88a1d760f38b8f6bc278d0551f83de923e57f1547e5263bc738",
    "https://esm.sh/emoji-regex@10.5.0?target=denonext": "b784b44eceec32acf6cd4386e5ee6ab38e935d9fa7d2e9507841d79c1ba3f94c",
    "https://esm.sh/fast-deep-equal@3.1.3/denonext/fast-deep-equal.mjs": "66e5d717af5e6a08366cc6aa421af1838a773895070bfee46c45102adf7ddc5f",
    "https://esm.sh/fast-deep-equal@3.1.3?target=denonext": "2d47696bbd2c43a836e333ae5035542a56eb76e4fd728204c75eaaeea86c3b5c",
    "https://esm.sh/fontkit@2.0.4/denonext/fontkit.mjs": "a9ddb4a3a80d479e89d5aa7dbcfc045faec68325ecdafa8009b1d91c3ec7e060",
    "https://esm.sh/fontkit@2.0.4?target=denonext": "d122fe3c6e18e9521ffe92511c8ba3a6551b0ca0d6373e44c2961b6931ace889",
    "https://esm.sh/hsl-to-hex@1.0.0/denonext/hsl-to-hex.mjs": "3e6ae6e76fadc61473a214adb6348d53bff342e30fe22634110bb963f631d9b5",
    "https://esm.sh/hsl-to-hex@1.0.0?target=denonext": "5017c82c8964d2b8a0ee35d5dfe2782ea84dabb0775de2e23c0c6622c9b5eb76",
    "https://esm.sh/hsl-to-rgb-for-reals@1.1.1/denonext/hsl-to-rgb-for-reals.mjs": "1890eae0890ea5ecd2f1f86354374a2f82e3398199a5def6fa5ade87c663d7cd",
    "https://esm.sh/hsl-to-rgb-for-reals@1.1.1?target=denonext": "9e9c5dcce1a99632cbd969561b0453b84e5f8d7e5bce3672b0cd5e8f259b18ae",
    "https://esm.sh/hyphen@1.10.6/denonext/hyphen.mjs": "c6d5ef30a57f18c86d4b1d8ae45fd64c23642310c8f8495336ad456145689f0d",
    "https://esm.sh/hyphen@1.10.6/denonext/patterns/en-us.mjs": "e234488db423ee8435e41f2c86bde06e7734a05db86c36e4a92b490d5acd7539",
    "https://esm.sh/hyphen@1.10.6/patterns/en-us?target=denonext": "1717b1b651aa83aeca613939a08f14b16e02beeed205e48b7bf2bc49ea6dcd8d",
    "https://esm.sh/hyphen@1.10.6?target=denonext": "46d37bcf0828168304d826d3e70bc67e60144752a52ccb340a260780ae3f7051",
    "https://esm.sh/is-arrayish@0.3.4/denonext/is-arrayish.mjs": "71016c87e9697adfb014301e7759cdc01ce4b3f61026567322b4ee89e784484c",
    "https://esm.sh/is-arrayish@0.3.4?target=denonext": "34a1112ab4b18d6021a810740eba58877cd60295c48e712c45cdb5c69badf1a9",
    "https://esm.sh/is-url@1.2.4/denonext/is-url.mjs": "ca78e328a3fd5bba0cda14971def00be9603aaa0633cf11c173fe7579f182fe8",
    "https://esm.sh/is-url@1.2.4?target=denonext": "a03d65ed43f004f2a9d23fe146230553101d8aeec4e249edf1bffb90cfd98713",
    "https://esm.sh/jay-peg@1.1.1/denonext/jay-peg.mjs": "dc0a903386606dc42ff8f40d9739de6fc403300877719bdb196e2c9f55540064",
    "https://esm.sh/jay-peg@1.1.1?target=denonext": "eb369d598b9cb18b4a40d6491d820287455053d3f8785ab080be653eb0763640",
    "https://esm.sh/media-engine@1.0.3/denonext/media-engine.mjs": "730bb9def791e29a38c71197ecbbd0f75e6bdcf07cd68452cd4f37a7e28baffd",
    "https://esm.sh/media-engine@1.0.3?target=denonext": "f2eb1829b4d44b811cb783a71da4948dc095c5c1216585b695bd5abc0e4aed43",
    "https://esm.sh/normalize-svg-path@1.1.0/denonext/normalize-svg-path.mjs": "46e42cec4e44362a777a45bf76eaa3e3856f69291096f5802c040ebda13f2427",
    "https://esm.sh/normalize-svg-path@1.1.0?target=denonext": "827764f0de5d6b05b02ef9266ac2f4479c287212b2b6d237e2d619399b000895",
    "https://esm.sh/parse-svg-path@0.1.2/denonext/parse-svg-path.mjs": "4b229248b89176d0abeff363741b0ddbb6e58378f6b3bf41c02fb285e7faf3ed",
    "https://esm.sh/parse-svg-path@0.1.2?target=denonext": "d4ab9283fca5e4618023d24b10631b3f85db94a9543b0b851465c3e66b7fe57c",
    "https://esm.sh/postcss-value-parser@4.2.0/denonext/lib/parse.mjs": "028e5c0274972a31625b2a74ff87a60c8ea18ac2140f1c55c8d406c81339fb78",
    "https://esm.sh/postcss-value-parser@4.2.0/denonext/lib/unit.mjs": "307929a0bdf18298ee08e7d950fb87c26b08c203051932541ae7c552b02be98d",
    "https://esm.sh/postcss-value-parser@4.2.0/lib/parse?target=denonext": "cd16f1ca38e3bfecaaea25b5e403ce3506356002b6c195056483039748623e10",
    "https://esm.sh/postcss-value-parser@4.2.0/lib/unit?target=denonext": "fd8e37b674a32f15863fe6aef01292181bfbd14f16e812bb26825f5fcfe34083",
    "https://esm.sh/react@18.2.0": "fed8aeb7d240bb42a2167c9c7c6e842e128c7630cbcb08c4d61c9c1926f89c75",
    "https://esm.sh/react@18.2.0/denonext/react.mjs": "a986c2876dc2f73879f395e677dc34cb751f260e69db16364810655f884df173",
    "https://esm.sh/react@18.3.1/denonext/react.mjs": "fec8d5ab4ffa55c8b563abc31060c3dc0205699aff20beec4aba0311efdcc1a0",
    "https://esm.sh/react@18.3.1?target=denonext": "336090fd1f03fdb9530dce4ac761717b5e1e1a630c775bac184ec4ee0809cf89",
    "https://esm.sh/restructure@3.0.2/denonext/restructure.mjs": "63c058ea39d654604ea3bdc5a2c52a8af43420de88a897f5e0c100734cde8f22",
    "https://esm.sh/restructure@3.0.2?target=denonext": "d2497f9eab1ce83a8f074d795cce55b9bff0c3de962c41b89fb1dd673eab1ab4",
    "https://esm.sh/scheduler@0.17.0/denonext/scheduler.mjs": "46ed258e88574bae1c096faa11f7cb33afccee0aa52f839ed939793ae5cbabdd",
    "https://esm.sh/scheduler@0.17.0?target=denonext": "11f2e4a50cddacb259776490af3bc98ded352019c69b86383982e4c6935611c5",
    "https://esm.sh/simple-swizzle@0.2.4/denonext/simple-swizzle.mjs": "f241c64bb69d17c34f930be078fed7c6fb6de1413d829b80df59369e9d82cbd8",
    "https://esm.sh/simple-swizzle@0.2.4?target=denonext": "9fdf4970a86df6741b673fec2611a665f049a7ecf940298f0c138cfaa2e6fe40",
    "https://esm.sh/svg-arc-to-cubic-bezier@3.2.0/denonext/svg-arc-to-cubic-bezier.mjs": "88520dd56fb6598de014b0e6684800d285b4eadc071ea1a9bd6a76503ca26995",
    "https://esm.sh/svg-arc-to-cubic-bezier@3.2.0?target=denonext": "82eca3db3af3a5760369ebef2b0d70b4fbb2ebd2a2108a6f92e9b7aeb5fd28b7",
    "https://esm.sh/tiny-inflate@1.0.3/denonext/tiny-inflate.mjs": "1b04f32ea95b17d5681d67ae3aaabe5f2eff6c2fc18f0acb6beceb9ef350b14f",
    "https://esm.sh/tiny-inflate@1.0.3?target=denonext": "6a34143de11788c63e5c2af653bd50c3073cbd076ea3692101cbf01a86572725",
    "https://esm.sh/unicode-properties@1.4.1/denonext/unicode-properties.mjs": "a2e17d068ee8129f9ad4bb841d024546f7afd6745d6070a9bcdc51132415b481",
    "https://esm.sh/unicode-properties@1.4.1?target=denonext": "046469e8cde249364070655afc8b8650dd3f9559f6378d05c6b77f0a7822ccb2",
    "https://esm.sh/unicode-trie@2.0.0/denonext/unicode-trie.mjs": "d1fac9aba42e42df1de8bd22ebe51d6f81b06e6a4bd9ec608d0e8a3d72b8cbf8",
    "https://esm.sh/unicode-trie@2.0.0?target=denonext": "97efcdc8ab9affa26453c8c981b7a05c1aae6f1ef3dc992ddb69244476caacfa",
    "https://esm.sh/yoga-layout@2.0.1/denonext/src/generated/YGEnums.mjs": "e0399cfe83f6cdaacb9dd32fc3d97101aa853e5f94c6e43b2ce8cb7847e83ad5",
    "https://esm.sh/yoga-layout@2.0.1/denonext/src/wrapAssembly.mjs": "03d322c23bcf7c4f0d761f507610dc2f2ef48e4008d8fadc1ccbbaf02882a691",
    "https://esm.sh/yoga-layout@2.0.1/denonext/yoga-layout.mjs": "83d328472e3113e38ce5ec4fcd7ec1c36eeabeaa03f99a2fef270ac1f36ff0f9",
    "https://esm.sh/yoga-layout@2.0.1?target=denonext": "d20908d43b830144e4701f468bab26dd5116dd5b742c4e389b878a6d3c6c52d2"
  }
}
